{
  "object": {
    "pins": [
      {
        "package": "HotKey",
        "repositoryURL": "https://github.com/soffes/HotKey",
        "state": {
          "branch": null,
          "revision": "c13662730cb5bc28de4a799854bbb018a90649bf",
          "version": "0.1.3"
        }
      },
      {
        "package": "Sauce",
        "repositoryURL": "https://github.com/Clipy/Sauce.git",
        "state": {
          "branch": null,
          "revision": "60508229cecbb915866151ebe9a0bf060a454c84",
          "version": "2.1.0"
        }
      },
      {
        "package": "SnapKit",
        "repositoryURL": "https://github.com/SnapKit/SnapKit.git",
        "state": {
          "branch": null,
          "revision": "d458564516e5676af9c70b4f4b2a9178294f1bc6",
          "version": "5.0.1"
        }
      }
    ]
  },
  "version": 1
}
